
Microsoft Visual Studio Solution File, Format Version 12.00
# Visual Studio 15
VisualStudioVersion = 15.0.28307.136
MinimumVisualStudioVersion = 10.0.40219.1
Project("{FAE04EC0-301F-11D3-BF4B-00C04F79EFBC}") = "CourseTrack", "CourseTrack\CourseTrack.csproj", "{D2CEE2B6-1923-4FBD-B3BD-E957B2C6005D}"
EndProject
Project("{FAE04EC0-301F-11D3-BF4B-00C04F79EFBC}") = "CourseTrack.Tests", "CourseTrack.Tests\CourseTrack.Tests.csproj", "{56608B93-70D1-4C20-936C-8208B16DC4CD}"
EndProject
Global
	GlobalSection(SolutionConfigurationPlatforms) = preSolution
		Debug|Any CPU = Debug|Any CPU
		Release|Any CPU = Release|Any CPU
	EndGlobalSection
	GlobalSection(ProjectConfigurationPlatforms) = postSolution
		{D2CEE2B6-1923-4FBD-B3BD-E957B2C6005D}.Debug|Any CPU.ActiveCfg = Debug|Any CPU
		{D2CEE2B6-1923-4FBD-B3BD-E957B2C6005D}.Debug|Any CPU.Build.0 = Debug|Any CPU
		{D2CEE2B6-1923-4FBD-B3BD-E957B2C6005D}.Release|Any CPU.ActiveCfg = Release|Any CPU
		{D2CEE2B6-1923-4FBD-B3BD-E957B2C6005D}.Release|Any CPU.Build.0 = Release|Any CPU
		{56608B93-70D1-4C20-936C-8208B16DC4CD}.Debug|Any CPU.ActiveCfg = Debug|Any CPU
		{56608B93-70D1-4C20-936C-8208B16DC4CD}.Debug|Any CPU.Build.0 = Debug|Any CPU
		{56608B93-70D1-4C20-936C-8208B16DC4CD}.Release|Any CPU.ActiveCfg = Release|Any CPU
		{56608B93-70D1-4C20-936C-8208B16DC4CD}.Release|Any CPU.Build.0 = Release|Any CPU
	EndGlobalSection
	GlobalSection(SolutionProperties) = preSolution
		HideSolutionNode = FALSE
	EndGlobalSection
	GlobalSection(ExtensibilityGlobals) = postSolution
		SolutionGuid = {F6A11DB7-A28E-4B4E-837E-D7ED3EAA0928}
	EndGlobalSection
EndGlobal
